
Microsoft Visual Studio Solution File, Format Version 12.00
# Visual Studio 15
VisualStudioVersion = 15.0.28307.168
MinimumVisualStudioVersion = 10.0.40219.1
Project("{9A19103F-16F7-4668-BE54-9A1E7A4F7556}") = "ServerApi", "ServerApi.csproj", "{2E76D9BC-4251-4ED0-8457-22A564B64A41}"
EndProject
Global
	GlobalSection(SolutionConfigurationPlatforms) = preSolution
		Debug|Any CPU = Debug|Any CPU
		Release|Any CPU = Release|Any CPU
	EndGlobalSection
	GlobalSection(ProjectConfigurationPlatforms) = postSolution
		{2E76D9BC-4251-4ED0-8457-22A564B64A41}.Debug|Any CPU.ActiveCfg = Debug|Any CPU
		{2E76D9BC-4251-4ED0-8457-22A564B64A41}.Debug|Any CPU.Build.0 = Debug|Any CPU
		{2E76D9BC-4251-4ED0-8457-22A564B64A41}.Release|Any CPU.ActiveCfg = Release|Any CPU
		{2E76D9BC-4251-4ED0-8457-22A564B64A41}.Release|Any CPU.Build.0 = Release|Any CPU
	EndGlobalSection
	GlobalSection(SolutionProperties) = preSolution
		HideSolutionNode = FALSE
	EndGlobalSection
	GlobalSection(ExtensibilityGlobals) = postSolution
		SolutionGuid = {325B4AEE-5A7D-4A42-91A2-AB1706CB2DE2}
	EndGlobalSection
EndGlobal
